
Microsoft Visual Studio Solution File, Format Version 12.00
# Visual Studio Version 16
VisualStudioVersion = 16.0.29209.62
MinimumVisualStudioVersion = 10.0.40219.1
Project("{FAE04EC0-301F-11D3-BF4B-00C04F79EFBC}") = "ACA.Development.Project", "ACA.Development.Project\ACA.Development.Project.csproj", "{09DEDAF8-54C7-4A89-BB65-52755D83367F}"
EndProject
Project("{FAE04EC0-301F-11D3-BF4B-00C04F79EFBC}") = "ACA.Development.Project.Tests", "ACA.Development.Project.Tests\ACA.Development.Project.Tests.csproj", "{4384EC28-613C-4B90-937B-0DBBBF62F95D}"
EndProject
Global
	GlobalSection(SolutionConfigurationPlatforms) = preSolution
		Debug|Any CPU = Debug|Any CPU
		Release|Any CPU = Release|Any CPU
	EndGlobalSection
	GlobalSection(ProjectConfigurationPlatforms) = postSolution
		{09DEDAF8-54C7-4A89-BB65-52755D83367F}.Debug|Any CPU.ActiveCfg = Debug|Any CPU
		{09DEDAF8-54C7-4A89-BB65-52755D83367F}.Debug|Any CPU.Build.0 = Debug|Any CPU
		{09DEDAF8-54C7-4A89-BB65-52755D83367F}.Release|Any CPU.ActiveCfg = Release|Any CPU
		{09DEDAF8-54C7-4A89-BB65-52755D83367F}.Release|Any CPU.Build.0 = Release|Any CPU
		{4384EC28-613C-4B90-937B-0DBBBF62F95D}.Debug|Any CPU.ActiveCfg = Debug|Any CPU
		{4384EC28-613C-4B90-937B-0DBBBF62F95D}.Debug|Any CPU.Build.0 = Debug|Any CPU
		{4384EC28-613C-4B90-937B-0DBBBF62F95D}.Release|Any CPU.ActiveCfg = Release|Any CPU
		{4384EC28-613C-4B90-937B-0DBBBF62F95D}.Release|Any CPU.Build.0 = Release|Any CPU
	EndGlobalSection
	GlobalSection(SolutionProperties) = preSolution
		HideSolutionNode = FALSE
	EndGlobalSection
	GlobalSection(ExtensibilityGlobals) = postSolution
		SolutionGuid = {9E30A38C-562F-498A-AF8F-8A640D6A77A3}
	EndGlobalSection
EndGlobal
